
Microsoft Visual Studio Solution File, Format Version 12.00
# Visual Studio Version 16
VisualStudioVersion = 16.0.29613.14
MinimumVisualStudioVersion = 10.0.40219.1
Project("{FAE04EC0-301F-11D3-BF4B-00C04F79EFBC}") = "WEBAPIPARTNER", "WEBAPIPARTNER\WEBAPIPARTNER.csproj", "{AA48626D-F3F0-4665-9ABA-937BAB5CF912}"
EndProject
Project("{FAE04EC0-301F-11D3-BF4B-00C04F79EFBC}") = "Biblioteca", "..\Biblioteca\Biblioteca\Biblioteca.csproj", "{15634F44-782D-46D5-BED0-2005A956355D}"
EndProject
Global
	GlobalSection(SolutionConfigurationPlatforms) = preSolution
		Debug|Any CPU = Debug|Any CPU
		Release|Any CPU = Release|Any CPU
	EndGlobalSection
	GlobalSection(ProjectConfigurationPlatforms) = postSolution
		{AA48626D-F3F0-4665-9ABA-937BAB5CF912}.Debug|Any CPU.ActiveCfg = Debug|Any CPU
		{AA48626D-F3F0-4665-9ABA-937BAB5CF912}.Debug|Any CPU.Build.0 = Debug|Any CPU
		{AA48626D-F3F0-4665-9ABA-937BAB5CF912}.Release|Any CPU.ActiveCfg = Release|Any CPU
		{AA48626D-F3F0-4665-9ABA-937BAB5CF912}.Release|Any CPU.Build.0 = Release|Any CPU
		{15634F44-782D-46D5-BED0-2005A956355D}.Debug|Any CPU.ActiveCfg = Debug|Any CPU
		{15634F44-782D-46D5-BED0-2005A956355D}.Debug|Any CPU.Build.0 = Debug|Any CPU
		{15634F44-782D-46D5-BED0-2005A956355D}.Release|Any CPU.ActiveCfg = Release|Any CPU
		{15634F44-782D-46D5-BED0-2005A956355D}.Release|Any CPU.Build.0 = Release|Any CPU
	EndGlobalSection
	GlobalSection(SolutionProperties) = preSolution
		HideSolutionNode = FALSE
	EndGlobalSection
	GlobalSection(ExtensibilityGlobals) = postSolution
		SolutionGuid = {A1611278-98BD-4AE5-A0F2-3F8F5253C771}
	EndGlobalSection
EndGlobal
